// !$*UTF8*$!
{
	archiveVersion = 1;
	classes = {
	};
	objectVersion = 56;
	objects = {

/* Begin PBXBuildFile section */
		139F36662D1A22FD00799618 /* SpeedModeSetupView.swift in Sources */ = {isa = PBXBuildFile; fileRef = 139F36652D1A22F700799618 /* SpeedModeSetupView.swift */; };
		139F36682D1A231600799618 /* SpeedModeCountdownView.swift in Sources */ = {isa = PBXBuildFile; fileRef = 139F36672D1A231400799618 /* SpeedModeCountdownView.swift */; };
		139F366A2D1A36A000799618 /* WeatherView.swift in Sources */ = {isa = PBXBuildFile; fileRef = 139F36692D1A369D00799618 /* WeatherView.swift */; };
		139F366C2D1A388700799618 /* weather.json in Resources */ = {isa = PBXBuildFile; fileRef = 139F366B2D1A388300799618 /* weather.json */; };
		139F36742D1B1BD500799618 /* SlopeStats.xcdatamodeld in Sources */ = {isa = PBXBuildFile; fileRef = 139F36722D1B1BD500799618 /* SlopeStats.xcdatamodeld */; };
		139F367A2D1B23CF00799618 /* ArrayToDataTransformer.swift in Sources */ = {isa = PBXBuildFile; fileRef = 139F36792D1B23C800799618 /* ArrayToDataTransformer.swift */; };
		139F367C2D1B27C700799618 /* PersistenceController.swift in Sources */ = {isa = PBXBuildFile; fileRef = 139F367B2D1B27BC00799618 /* PersistenceController.swift */; };
		139F36822D1B348E00799618 /* InterfaceController.swift in Sources */ = {isa = PBXBuildFile; fileRef = 139F36812D1B348E00799618 /* InterfaceController.swift */; };
		139F36B52D1E1CD600799618 /* SlopeStats.png in Resources */ = {isa = PBXBuildFile; fileRef = 139F36B42D1E1CD600799618 /* SlopeStats.png */; };
		139F36B72D1E35F500799618 /* slopeStatsBanner.png in Resources */ = {isa = PBXBuildFile; fileRef = 139F36B62D1E35F500799618 /* slopeStatsBanner.png */; };
		139F36BB2D1E57FA00799618 /* ChartStructs.swift in Sources */ = {isa = PBXBuildFile; fileRef = 139F36BA2D1E57F200799618 /* ChartStructs.swift */; };
		139F36BD2D1E5E2300799618 /* slopeStatsAppIcon.png in Resources */ = {isa = PBXBuildFile; fileRef = 139F36BC2D1E5E2300799618 /* slopeStatsAppIcon.png */; };
		139F36BF2D1E5E3300799618 /* slopeStatsAppIcon.png in Resources */ = {isa = PBXBuildFile; fileRef = 139F36BE2D1E5E3300799618 /* slopeStatsAppIcon.png */; };
		139F36C52D1F16C000799618 /* WeatherView.swift in Sources */ = {isa = PBXBuildFile; fileRef = 139F36C42D1F16BE00799618 /* WeatherView.swift */; };
		139F36C72D1F201000799618 /* ResortView.swift in Sources */ = {isa = PBXBuildFile; fileRef = 139F36C62D1F200700799618 /* ResortView.swift */; };
		13D96C7F2D189FA0003238F6 /* SlopeStatsApp.swift in Sources */ = {isa = PBXBuildFile; fileRef = 13D96C7E2D189FA0003238F6 /* SlopeStatsApp.swift */; };
		13D96C812D189FA0003238F6 /* ContentView.swift in Sources */ = {isa = PBXBuildFile; fileRef = 13D96C802D189FA0003238F6 /* ContentView.swift */; };
		13D96C832D189FA2003238F6 /* Assets.xcassets in Resources */ = {isa = PBXBuildFile; fileRef = 13D96C822D189FA2003238F6 /* Assets.xcassets */; };
		13D96C862D189FA2003238F6 /* Preview Assets.xcassets in Resources */ = {isa = PBXBuildFile; fileRef = 13D96C852D189FA2003238F6 /* Preview Assets.xcassets */; };
		13D96C902D189FA3003238F6 /* SlopeStatsTests.swift in Sources */ = {isa = PBXBuildFile; fileRef = 13D96C8F2D189FA3003238F6 /* SlopeStatsTests.swift */; };
		13D96C9A2D189FA3003238F6 /* SlopeStatsUITests.swift in Sources */ = {isa = PBXBuildFile; fileRef = 13D96C992D189FA3003238F6 /* SlopeStatsUITests.swift */; };
		13D96C9C2D189FA3003238F6 /* SlopeStatsUITestsLaunchTests.swift in Sources */ = {isa = PBXBuildFile; fileRef = 13D96C9B2D189FA3003238F6 /* SlopeStatsUITestsLaunchTests.swift */; };
		13D96CA22D189FA3003238F6 /* SlopeStats Watch App.app in Embed Watch Content */ = {isa = PBXBuildFile; fileRef = 13D96CA12D189FA3003238F6 /* SlopeStats Watch App.app */; settings = {ATTRIBUTES = (RemoveHeadersOnCopy, ); }; };
		13D96CA72D189FA3003238F6 /* SlopeStatsApp.swift in Sources */ = {isa = PBXBuildFile; fileRef = 13D96CA62D189FA3003238F6 /* SlopeStatsApp.swift */; };
		13D96CA92D189FA3003238F6 /* ContentView.swift in Sources */ = {isa = PBXBuildFile; fileRef = 13D96CA82D189FA3003238F6 /* ContentView.swift */; };
		13D96CAB2D189FA3003238F6 /* Assets.xcassets in Resources */ = {isa = PBXBuildFile; fileRef = 13D96CAA2D189FA3003238F6 /* Assets.xcassets */; };
		13D96CAE2D189FA3003238F6 /* Preview Assets.xcassets in Resources */ = {isa = PBXBuildFile; fileRef = 13D96CAD2D189FA3003238F6 /* Preview Assets.xcassets */; };
		13D96CB82D189FA4003238F6 /* SlopeStats_Watch_AppTests.swift in Sources */ = {isa = PBXBuildFile; fileRef = 13D96CB72D189FA4003238F6 /* SlopeStats_Watch_AppTests.swift */; };
		13D96CC22D189FA4003238F6 /* SlopeStats_Watch_AppUITests.swift in Sources */ = {isa = PBXBuildFile; fileRef = 13D96CC12D189FA4003238F6 /* SlopeStats_Watch_AppUITests.swift */; };
		13D96CC42D189FA4003238F6 /* SlopeStats_Watch_AppUITestsLaunchTests.swift in Sources */ = {isa = PBXBuildFile; fileRef = 13D96CC32D189FA4003238F6 /* SlopeStats_Watch_AppUITestsLaunchTests.swift */; };
		13D96CDB2D18AE3C003238F6 /* .gitignore in Resources */ = {isa = PBXBuildFile; fileRef = 13D96CDA2D18AE3C003238F6 /* .gitignore */; };
		13D96CDD2D1925A1003238F6 /* cabin.usdz in Resources */ = {isa = PBXBuildFile; fileRef = 13D96CDC2D1925A1003238F6 /* cabin.usdz */; };
		13D96CE02D192982003238F6 /* olympicRings.usdz in Resources */ = {isa = PBXBuildFile; fileRef = 13D96CDE2D192982003238F6 /* olympicRings.usdz */; };
		13D96CE12D192982003238F6 /* snowcat.usdz in Resources */ = {isa = PBXBuildFile; fileRef = 13D96CDF2D192982003238F6 /* snowcat.usdz */; };
		13D96CE52D192FC3003238F6 /* skier.usdz in Resources */ = {isa = PBXBuildFile; fileRef = 13D96CE42D192FC3003238F6 /* skier.usdz */; };
		13D96CE72D193152003238F6 /* snowyMountain.jpeg in Resources */ = {isa = PBXBuildFile; fileRef = 13D96CE62D193152003238F6 /* snowyMountain.jpeg */; };
		13D96CE92D193731003238F6 /* earth.usdz in Resources */ = {isa = PBXBuildFile; fileRef = 13D96CE82D193731003238F6 /* earth.usdz */; };
		13D96CEB2D19D63D003238F6 /* CountdownView.swift in Sources */ = {isa = PBXBuildFile; fileRef = 13D96CEA2D19D63D003238F6 /* CountdownView.swift */; };
		13D96CED2D19D84F003238F6 /* StatsView.swift in Sources */ = {isa = PBXBuildFile; fileRef = 13D96CEC2D19D84F003238F6 /* StatsView.swift */; };
/* End PBXBuildFile section */

/* Begin PBXContainerItemProxy section */
		13D96C8C2D189FA3003238F6 /* PBXContainerItemProxy */ = {
			isa = PBXContainerItemProxy;
			containerPortal = 13D96C732D189FA0003238F6 /* Project object */;
			proxyType = 1;
			remoteGlobalIDString = 13D96C7A2D189FA0003238F6;
			remoteInfo = SlopeStats;
		};
		13D96C962D189FA3003238F6 /* PBXContainerItemProxy */ = {
			isa = PBXContainerItemProxy;
			containerPortal = 13D96C732D189FA0003238F6 /* Project object */;
			proxyType = 1;
			remoteGlobalIDString = 13D96C7A2D189FA0003238F6;
			remoteInfo = SlopeStats;
		};
		13D96CA32D189FA3003238F6 /* PBXContainerItemProxy */ = {
			isa = PBXContainerItemProxy;
			containerPortal = 13D96C732D189FA0003238F6 /* Project object */;
			proxyType = 1;
			remoteGlobalIDString = 13D96CA02D189FA3003238F6;
			remoteInfo = "SlopeStats Watch App";
		};
		13D96CB42D189FA4003238F6 /* PBXContainerItemProxy */ = {
			isa = PBXContainerItemProxy;
			containerPortal = 13D96C732D189FA0003238F6 /* Project object */;
			proxyType = 1;
			remoteGlobalIDString = 13D96CA02D189FA3003238F6;
			remoteInfo = "SlopeStats Watch App";
		};
		13D96CBE2D189FA4003238F6 /* PBXContainerItemProxy */ = {
			isa = PBXContainerItemProxy;
			containerPortal = 13D96C732D189FA0003238F6 /* Project object */;
			proxyType = 1;
			remoteGlobalIDString = 13D96CA02D189FA3003238F6;
			remoteInfo = "SlopeStats Watch App";
		};
/* End PBXContainerItemProxy section */

/* Begin PBXCopyFilesBuildPhase section */
		13D96CCA2D189FA4003238F6 /* Embed Watch Content */ = {
			isa = PBXCopyFilesBuildPhase;
			buildActionMask = 2147483647;
			dstPath = "$(CONTENTS_FOLDER_PATH)/Watch";
			dstSubfolderSpec = 16;
			files = (
				13D96CA22D189FA3003238F6 /* SlopeStats Watch App.app in Embed Watch Content */,
			);
			name = "Embed Watch Content";
			runOnlyForDeploymentPostprocessing = 0;
		};
/* End PBXCopyFilesBuildPhase section */

/* Begin PBXFileReference section */
		139F36652D1A22F700799618 /* SpeedModeSetupView.swift */ = {isa = PBXFileReference; lastKnownFileType = sourcecode.swift; path = SpeedModeSetupView.swift; sourceTree = "<group>"; };
		139F36672D1A231400799618 /* SpeedModeCountdownView.swift */ = {isa = PBXFileReference; lastKnownFileType = sourcecode.swift; path = SpeedModeCountdownView.swift; sourceTree = "<group>"; };
		139F36692D1A369D00799618 /* WeatherView.swift */ = {isa = PBXFileReference; lastKnownFileType = sourcecode.swift; path = WeatherView.swift; sourceTree = "<group>"; };
		139F366B2D1A388300799618 /* weather.json */ = {isa = PBXFileReference; lastKnownFileType = text.json; path = weather.json; sourceTree = "<group>"; };
		139F36732D1B1BD500799618 /* SlopeStats.xcdatamodel */ = {isa = PBXFileReference; lastKnownFileType = wrapper.xcdatamodel; path = SlopeStats.xcdatamodel; sourceTree = "<group>"; };
		139F36792D1B23C800799618 /* ArrayToDataTransformer.swift */ = {isa = PBXFileReference; lastKnownFileType = sourcecode.swift; path = ArrayToDataTransformer.swift; sourceTree = "<group>"; };
		139F367B2D1B27BC00799618 /* PersistenceController.swift */ = {isa = PBXFileReference; lastKnownFileType = sourcecode.swift; path = PersistenceController.swift; sourceTree = "<group>"; };
		139F36812D1B348E00799618 /* InterfaceController.swift */ = {isa = PBXFileReference; lastKnownFileType = sourcecode.swift; path = InterfaceController.swift; sourceTree = "<group>"; };
		139F36B32D1DF9E400799618 /* SlopeStats Watch App.entitlements */ = {isa = PBXFileReference; lastKnownFileType = text.plist.entitlements; path = "SlopeStats Watch App.entitlements"; sourceTree = "<group>"; };
		139F36B42D1E1CD600799618 /* SlopeStats.png */ = {isa = PBXFileReference; lastKnownFileType = image.png; path = SlopeStats.png; sourceTree = "<group>"; };
		139F36B62D1E35F500799618 /* slopeStatsBanner.png */ = {isa = PBXFileReference; lastKnownFileType = image.png; path = slopeStatsBanner.png; sourceTree = "<group>"; };
		139F36BA2D1E57F200799618 /* ChartStructs.swift */ = {isa = PBXFileReference; lastKnownFileType = sourcecode.swift; path = ChartStructs.swift; sourceTree = "<group>"; };
		139F36BC2D1E5E2300799618 /* slopeStatsAppIcon.png */ = {isa = PBXFileReference; lastKnownFileType = image.png; path = slopeStatsAppIcon.png; sourceTree = "<group>"; };
		139F36BE2D1E5E3300799618 /* slopeStatsAppIcon.png */ = {isa = PBXFileReference; lastKnownFileType = image.png; path = slopeStatsAppIcon.png; sourceTree = "<group>"; };
		139F36C42D1F16BE00799618 /* WeatherView.swift */ = {isa = PBXFileReference; lastKnownFileType = sourcecode.swift; path = WeatherView.swift; sourceTree = "<group>"; };
		139F36C62D1F200700799618 /* ResortView.swift */ = {isa = PBXFileReference; lastKnownFileType = sourcecode.swift; path = ResortView.swift; sourceTree = "<group>"; };
		13D96C7B2D189FA0003238F6 /* SlopeStats.app */ = {isa = PBXFileReference; explicitFileType = wrapper.application; includeInIndex = 0; path = SlopeStats.app; sourceTree = BUILT_PRODUCTS_DIR; };
		13D96C7E2D189FA0003238F6 /* SlopeStatsApp.swift */ = {isa = PBXFileReference; lastKnownFileType = sourcecode.swift; path = SlopeStatsApp.swift; sourceTree = "<group>"; };
		13D96C802D189FA0003238F6 /* ContentView.swift */ = {isa = PBXFileReference; lastKnownFileType = sourcecode.swift; path = ContentView.swift; sourceTree = "<group>"; };
		13D96C822D189FA2003238F6 /* Assets.xcassets */ = {isa = PBXFileReference; lastKnownFileType = folder.assetcatalog; path = Assets.xcassets; sourceTree = "<group>"; };
		13D96C852D189FA2003238F6 /* Preview Assets.xcassets */ = {isa = PBXFileReference; lastKnownFileType = folder.assetcatalog; path = "Preview Assets.xcassets"; sourceTree = "<group>"; };
		13D96C8B2D189FA3003238F6 /* SlopeStatsTests.xctest */ = {isa = PBXFileReference; explicitFileType = wrapper.cfbundle; includeInIndex = 0; path = SlopeStatsTests.xctest; sourceTree = BUILT_PRODUCTS_DIR; };
		13D96C8F2D189FA3003238F6 /* SlopeStatsTests.swift */ = {isa = PBXFileReference; lastKnownFileType = sourcecode.swift; path = SlopeStatsTests.swift; sourceTree = "<group>"; };
		13D96C952D189FA3003238F6 /* SlopeStatsUITests.xctest */ = {isa = PBXFileReference; explicitFileType = wrapper.cfbundle; includeInIndex = 0; path = SlopeStatsUITests.xctest; sourceTree = BUILT_PRODUCTS_DIR; };
		13D96C992D189FA3003238F6 /* SlopeStatsUITests.swift */ = {isa = PBXFileReference; lastKnownFileType = sourcecode.swift; path = SlopeStatsUITests.swift; sourceTree = "<group>"; };
		13D96C9B2D189FA3003238F6 /* SlopeStatsUITestsLaunchTests.swift */ = {isa = PBXFileReference; lastKnownFileType = sourcecode.swift; path = SlopeStatsUITestsLaunchTests.swift; sourceTree = "<group>"; };
		13D96CA12D189FA3003238F6 /* SlopeStats Watch App.app */ = {isa = PBXFileReference; explicitFileType = wrapper.application; includeInIndex = 0; path = "SlopeStats Watch App.app"; sourceTree = BUILT_PRODUCTS_DIR; };
		13D96CA62D189FA3003238F6 /* SlopeStatsApp.swift */ = {isa = PBXFileReference; lastKnownFileType = sourcecode.swift; path = SlopeStatsApp.swift; sourceTree = "<group>"; };
		13D96CA82D189FA3003238F6 /* ContentView.swift */ = {isa = PBXFileReference; lastKnownFileType = sourcecode.swift; path = ContentView.swift; sourceTree = "<group>"; };
		13D96CAA2D189FA3003238F6 /* Assets.xcassets */ = {isa = PBXFileReference; lastKnownFileType = folder.assetcatalog; path = Assets.xcassets; sourceTree = "<group>"; };
		13D96CAD2D189FA3003238F6 /* Preview Assets.xcassets */ = {isa = PBXFileReference; lastKnownFileType = folder.assetcatalog; path = "Preview Assets.xcassets"; sourceTree = "<group>"; };
		13D96CB32D189FA4003238F6 /* SlopeStats Watch AppTests.xctest */ = {isa = PBXFileReference; explicitFileType = wrapper.cfbundle; includeInIndex = 0; path = "SlopeStats Watch AppTests.xctest"; sourceTree = BUILT_PRODUCTS_DIR; };
		13D96CB72D189FA4003238F6 /* SlopeStats_Watch_AppTests.swift */ = {isa = PBXFileReference; lastKnownFileType = sourcecode.swift; path = SlopeStats_Watch_AppTests.swift; sourceTree = "<group>"; };
		13D96CBD2D189FA4003238F6 /* SlopeStats Watch AppUITests.xctest */ = {isa = PBXFileReference; explicitFileType = wrapper.cfbundle; includeInIndex = 0; path = "SlopeStats Watch AppUITests.xctest"; sourceTree = BUILT_PRODUCTS_DIR; };
		13D96CC12D189FA4003238F6 /* SlopeStats_Watch_AppUITests.swift */ = {isa = PBXFileReference; lastKnownFileType = sourcecode.swift; path = SlopeStats_Watch_AppUITests.swift; sourceTree = "<group>"; };
		13D96CC32D189FA4003238F6 /* SlopeStats_Watch_AppUITestsLaunchTests.swift */ = {isa = PBXFileReference; lastKnownFileType = sourcecode.swift; path = SlopeStats_Watch_AppUITestsLaunchTests.swift; sourceTree = "<group>"; };
		13D96CDA2D18AE3C003238F6 /* .gitignore */ = {isa = PBXFileReference; lastKnownFileType = text; path = .gitignore; sourceTree = "<group>"; };
		13D96CDC2D1925A1003238F6 /* cabin.usdz */ = {isa = PBXFileReference; lastKnownFileType = file.usdz; name = cabin.usdz; path = ../../../../Downloads/cabin.usdz; sourceTree = "<group>"; };
		13D96CDE2D192982003238F6 /* olympicRings.usdz */ = {isa = PBXFileReference; lastKnownFileType = file.usdz; name = olympicRings.usdz; path = ../../../../Downloads/olympicRings.usdz; sourceTree = "<group>"; };
		13D96CDF2D192982003238F6 /* snowcat.usdz */ = {isa = PBXFileReference; lastKnownFileType = file.usdz; name = snowcat.usdz; path = ../../../../Downloads/snowcat.usdz; sourceTree = "<group>"; };
		13D96CE42D192FC3003238F6 /* skier.usdz */ = {isa = PBXFileReference; lastKnownFileType = file.usdz; name = skier.usdz; path = ../../../../Downloads/skier.usdz; sourceTree = "<group>"; };
		13D96CE62D193152003238F6 /* snowyMountain.jpeg */ = {isa = PBXFileReference; lastKnownFileType = image.jpeg; name = snowyMountain.jpeg; path = ../../../snowyMountain.jpeg; sourceTree = "<group>"; };
		13D96CE82D193731003238F6 /* earth.usdz */ = {isa = PBXFileReference; lastKnownFileType = file.usdz; name = earth.usdz; path = ../../../../Downloads/earth.usdz; sourceTree = "<group>"; };
		13D96CEA2D19D63D003238F6 /* CountdownView.swift */ = {isa = PBXFileReference; lastKnownFileType = sourcecode.swift; path = CountdownView.swift; sourceTree = "<group>"; };
		13D96CEC2D19D84F003238F6 /* StatsView.swift */ = {isa = PBXFileReference; lastKnownFileType = sourcecode.swift; path = StatsView.swift; sourceTree = "<group>"; };
/* End PBXFileReference section */

/* Begin PBXFrameworksBuildPhase section */
		13D96C782D189FA0003238F6 /* Frameworks */ = {
			isa = PBXFrameworksBuildPhase;
			buildActionMask = 2147483647;
			files = (
			);
			runOnlyForDeploymentPostprocessing = 0;
		};
		13D96C882D189FA3003238F6 /* Frameworks */ = {
			isa = PBXFrameworksBuildPhase;
			buildActionMask = 2147483647;
			files = (
			);
			runOnlyForDeploymentPostprocessing = 0;
		};
		13D96C922D189FA3003238F6 /* Frameworks */ = {
			isa = PBXFrameworksBuildPhase;
			buildActionMask = 2147483647;
			files = (
			);
			runOnlyForDeploymentPostprocessing = 0;
		};
		13D96C9E2D189FA3003238F6 /* Frameworks */ = {
			isa = PBXFrameworksBuildPhase;
			buildActionMask = 2147483647;
			files = (
			);
			runOnlyForDeploymentPostprocessing = 0;
		};
		13D96CB02D189FA4003238F6 /* Frameworks */ = {
			isa = PBXFrameworksBuildPhase;
			buildActionMask = 2147483647;
			files = (
			);
			runOnlyForDeploymentPostprocessing = 0;
		};
		13D96CBA2D189FA4003238F6 /* Frameworks */ = {
			isa = PBXFrameworksBuildPhase;
			buildActionMask = 2147483647;
			files = (
			);
			runOnlyForDeploymentPostprocessing = 0;
		};
/* End PBXFrameworksBuildPhase section */

/* Begin PBXGroup section */
		13D96C722D189FA0003238F6 = {
			isa = PBXGroup;
			children = (
				13D96CDA2D18AE3C003238F6 /* .gitignore */,
				13D96C7D2D189FA0003238F6 /* SlopeStats */,
				13D96C8E2D189FA3003238F6 /* SlopeStatsTests */,
				13D96C982D189FA3003238F6 /* SlopeStatsUITests */,
				13D96CA52D189FA3003238F6 /* SlopeStats Watch App */,
				13D96CB62D189FA4003238F6 /* SlopeStats Watch AppTests */,
				13D96CC02D189FA4003238F6 /* SlopeStats Watch AppUITests */,
				13D96C7C2D189FA0003238F6 /* Products */,
			);
			sourceTree = "<group>";
		};
		13D96C7C2D189FA0003238F6 /* Products */ = {
			isa = PBXGroup;
			children = (
				13D96C7B2D189FA0003238F6 /* SlopeStats.app */,
				13D96C8B2D189FA3003238F6 /* SlopeStatsTests.xctest */,
				13D96C952D189FA3003238F6 /* SlopeStatsUITests.xctest */,
				13D96CA12D189FA3003238F6 /* SlopeStats Watch App.app */,
				13D96CB32D189FA4003238F6 /* SlopeStats Watch AppTests.xctest */,
				13D96CBD2D189FA4003238F6 /* SlopeStats Watch AppUITests.xctest */,
			);
			name = Products;
			sourceTree = "<group>";
		};
		13D96C7D2D189FA0003238F6 /* SlopeStats */ = {
			isa = PBXGroup;
			children = (
				139F36792D1B23C800799618 /* ArrayToDataTransformer.swift */,
				139F36BA2D1E57F200799618 /* ChartStructs.swift */,
				13D96C7E2D189FA0003238F6 /* SlopeStatsApp.swift */,
				139F367B2D1B27BC00799618 /* PersistenceController.swift */,
				13D96C802D189FA0003238F6 /* ContentView.swift */,
				139F36C62D1F200700799618 /* ResortView.swift */,
				139F36C42D1F16BE00799618 /* WeatherView.swift */,
				13D96C822D189FA2003238F6 /* Assets.xcassets */,
				139F36BC2D1E5E2300799618 /* slopeStatsAppIcon.png */,
				139F36B62D1E35F500799618 /* slopeStatsBanner.png */,
				139F36B42D1E1CD600799618 /* SlopeStats.png */,
				13D96C842D189FA2003238F6 /* Preview Content */,
				139F36722D1B1BD500799618 /* SlopeStats.xcdatamodeld */,
			);
			path = SlopeStats;
			sourceTree = "<group>";
		};
		13D96C842D189FA2003238F6 /* Preview Content */ = {
			isa = PBXGroup;
			children = (
				13D96C852D189FA2003238F6 /* Preview Assets.xcassets */,
			);
			path = "Preview Content";
			sourceTree = "<group>";
		};
		13D96C8E2D189FA3003238F6 /* SlopeStatsTests */ = {
			isa = PBXGroup;
			children = (
				13D96C8F2D189FA3003238F6 /* SlopeStatsTests.swift */,
			);
			path = SlopeStatsTests;
			sourceTree = "<group>";
		};
		13D96C982D189FA3003238F6 /* SlopeStatsUITests */ = {
			isa = PBXGroup;
			children = (
				13D96C992D189FA3003238F6 /* SlopeStatsUITests.swift */,
				13D96C9B2D189FA3003238F6 /* SlopeStatsUITestsLaunchTests.swift */,
			);
			path = SlopeStatsUITests;
			sourceTree = "<group>";
		};
		13D96CA52D189FA3003238F6 /* SlopeStats Watch App */ = {
			isa = PBXGroup;
			children = (
				139F36B32D1DF9E400799618 /* SlopeStats Watch App.entitlements */,
				139F36692D1A369D00799618 /* WeatherView.swift */,
				139F36812D1B348E00799618 /* InterfaceController.swift */,
				139F366B2D1A388300799618 /* weather.json */,
				13D96CEC2D19D84F003238F6 /* StatsView.swift */,
				13D96CEA2D19D63D003238F6 /* CountdownView.swift */,
				13D96CA62D189FA3003238F6 /* SlopeStatsApp.swift */,
				13D96CA82D189FA3003238F6 /* ContentView.swift */,
				139F36652D1A22F700799618 /* SpeedModeSetupView.swift */,
				139F36672D1A231400799618 /* SpeedModeCountdownView.swift */,
				13D96CAA2D189FA3003238F6 /* Assets.xcassets */,
				139F36BE2D1E5E3300799618 /* slopeStatsAppIcon.png */,
				13D96CE82D193731003238F6 /* earth.usdz */,
				13D96CE62D193152003238F6 /* snowyMountain.jpeg */,
				13D96CE42D192FC3003238F6 /* skier.usdz */,
				13D96CDE2D192982003238F6 /* olympicRings.usdz */,
				13D96CDF2D192982003238F6 /* snowcat.usdz */,
				13D96CDC2D1925A1003238F6 /* cabin.usdz */,
				13D96CAC2D189FA3003238F6 /* Preview Content */,
			);
			path = "SlopeStats Watch App";
			sourceTree = "<group>";
		};
		13D96CAC2D189FA3003238F6 /* Preview Content */ = {
			isa = PBXGroup;
			children = (
				13D96CAD2D189FA3003238F6 /* Preview Assets.xcassets */,
			);
			path = "Preview Content";
			sourceTree = "<group>";
		};
		13D96CB62D189FA4003238F6 /* SlopeStats Watch AppTests */ = {
			isa = PBXGroup;
			children = (
				13D96CB72D189FA4003238F6 /* SlopeStats_Watch_AppTests.swift */,
			);
			path = "SlopeStats Watch AppTests";
			sourceTree = "<group>";
		};
		13D96CC02D189FA4003238F6 /* SlopeStats Watch AppUITests */ = {
			isa = PBXGroup;
			children = (
				13D96CC12D189FA4003238F6 /* SlopeStats_Watch_AppUITests.swift */,
				13D96CC32D189FA4003238F6 /* SlopeStats_Watch_AppUITestsLaunchTests.swift */,
			);
			path = "SlopeStats Watch AppUITests";
			sourceTree = "<group>";
		};
/* End PBXGroup section */

/* Begin PBXNativeTarget section */
		13D96C7A2D189FA0003238F6 /* SlopeStats */ = {
			isa = PBXNativeTarget;
			buildConfigurationList = 13D96CCB2D189FA4003238F6 /* Build configuration list for PBXNativeTarget "SlopeStats" */;
			buildPhases = (
				13D96C772D189FA0003238F6 /* Sources */,
				13D96C782D189FA0003238F6 /* Frameworks */,
				13D96C792D189FA0003238F6 /* Resources */,
				13D96CCA2D189FA4003238F6 /* Embed Watch Content */,
			);
			buildRules = (
			);
			dependencies = (
				13D96CA42D189FA3003238F6 /* PBXTargetDependency */,
			);
			name = SlopeStats;
			productName = SlopeStats;
			productReference = 13D96C7B2D189FA0003238F6 /* SlopeStats.app */;
			productType = "com.apple.product-type.application";
		};
		13D96C8A2D189FA3003238F6 /* SlopeStatsTests */ = {
			isa = PBXNativeTarget;
			buildConfigurationList = 13D96CCE2D189FA4003238F6 /* Build configuration list for PBXNativeTarget "SlopeStatsTests" */;
			buildPhases = (
				13D96C872D189FA3003238F6 /* Sources */,
				13D96C882D189FA3003238F6 /* Frameworks */,
				13D96C892D189FA3003238F6 /* Resources */,
			);
			buildRules = (
			);
			dependencies = (
				13D96C8D2D189FA3003238F6 /* PBXTargetDependency */,
			);
			name = SlopeStatsTests;
			productName = SlopeStatsTests;
			productReference = 13D96C8B2D189FA3003238F6 /* SlopeStatsTests.xctest */;
			productType = "com.apple.product-type.bundle.unit-test";
		};
		13D96C942D189FA3003238F6 /* SlopeStatsUITests */ = {
			isa = PBXNativeTarget;
			buildConfigurationList = 13D96CD12D189FA4003238F6 /* Build configuration list for PBXNativeTarget "SlopeStatsUITests" */;
			buildPhases = (
				13D96C912D189FA3003238F6 /* Sources */,
				13D96C922D189FA3003238F6 /* Frameworks */,
				13D96C932D189FA3003238F6 /* Resources */,
			);
			buildRules = (
			);
			dependencies = (
				13D96C972D189FA3003238F6 /* PBXTargetDependency */,
			);
			name = SlopeStatsUITests;
			productName = SlopeStatsUITests;
			productReference = 13D96C952D189FA3003238F6 /* SlopeStatsUITests.xctest */;
			productType = "com.apple.product-type.bundle.ui-testing";
		};
		13D96CA02D189FA3003238F6 /* SlopeStats Watch App */ = {
			isa = PBXNativeTarget;
			buildConfigurationList = 13D96CC72D189FA4003238F6 /* Build configuration list for PBXNativeTarget "SlopeStats Watch App" */;
			buildPhases = (
				13D96C9D2D189FA3003238F6 /* Sources */,
				13D96C9E2D189FA3003238F6 /* Frameworks */,
				13D96C9F2D189FA3003238F6 /* Resources */,
			);
			buildRules = (
			);
			dependencies = (
			);
			name = "SlopeStats Watch App";
			productName = "SlopeStats Watch App";
			productReference = 13D96CA12D189FA3003238F6 /* SlopeStats Watch App.app */;
			productType = "com.apple.product-type.application";
		};
		13D96CB22D189FA4003238F6 /* SlopeStats Watch AppTests */ = {
			isa = PBXNativeTarget;
			buildConfigurationList = 13D96CD42D189FA4003238F6 /* Build configuration list for PBXNativeTarget "SlopeStats Watch AppTests" */;
			buildPhases = (
				13D96CAF2D189FA4003238F6 /* Sources */,
				13D96CB02D189FA4003238F6 /* Frameworks */,
				13D96CB12D189FA4003238F6 /* Resources */,
			);
			buildRules = (
			);
			dependencies = (
				13D96CB52D189FA4003238F6 /* PBXTargetDependency */,
			);
			name = "SlopeStats Watch AppTests";
			productName = "SlopeStats Watch AppTests";
			productReference = 13D96CB32D189FA4003238F6 /* SlopeStats Watch AppTests.xctest */;
			productType = "com.apple.product-type.bundle.unit-test";
		};
		13D96CBC2D189FA4003238F6 /* SlopeStats Watch AppUITests */ = {
			isa = PBXNativeTarget;
			buildConfigurationList = 13D96CD72D189FA4003238F6 /* Build configuration list for PBXNativeTarget "SlopeStats Watch AppUITests" */;
			buildPhases = (
				13D96CB92D189FA4003238F6 /* Sources */,
				13D96CBA2D189FA4003238F6 /* Frameworks */,
				13D96CBB2D189FA4003238F6 /* Resources */,
			);
			buildRules = (
			);
			dependencies = (
				13D96CBF2D189FA4003238F6 /* PBXTargetDependency */,
			);
			name = "SlopeStats Watch AppUITests";
			productName = "SlopeStats Watch AppUITests";
			productReference = 13D96CBD2D189FA4003238F6 /* SlopeStats Watch AppUITests.xctest */;
			productType = "com.apple.product-type.bundle.ui-testing";
		};
/* End PBXNativeTarget section */

/* Begin PBXProject section */
		13D96C732D189FA0003238F6 /* Project object */ = {
			isa = PBXProject;
			attributes = {
				BuildIndependentTargetsInParallel = 1;
				LastSwiftUpdateCheck = 1520;
				LastUpgradeCheck = 1620;
				TargetAttributes = {
					13D96C7A2D189FA0003238F6 = {
						CreatedOnToolsVersion = 15.2;
					};
					13D96C8A2D189FA3003238F6 = {
						CreatedOnToolsVersion = 15.2;
						TestTargetID = 13D96C7A2D189FA0003238F6;
					};
					13D96C942D189FA3003238F6 = {
						CreatedOnToolsVersion = 15.2;
						TestTargetID = 13D96C7A2D189FA0003238F6;
					};
					13D96CA02D189FA3003238F6 = {
						CreatedOnToolsVersion = 15.2;
					};
					13D96CB22D189FA4003238F6 = {
						CreatedOnToolsVersion = 15.2;
						TestTargetID = 13D96CA02D189FA3003238F6;
					};
					13D96CBC2D189FA4003238F6 = {
						CreatedOnToolsVersion = 15.2;
						TestTargetID = 13D96CA02D189FA3003238F6;
					};
				};
			};
			buildConfigurationList = 13D96C762D189FA0003238F6 /* Build configuration list for PBXProject "SlopeStats" */;
			compatibilityVersion = "Xcode 14.0";
			developmentRegion = en;
			hasScannedForEncodings = 0;
			knownRegions = (
				en,
				Base,
			);
			mainGroup = 13D96C722D189FA0003238F6;
			productRefGroup = 13D96C7C2D189FA0003238F6 /* Products */;
			projectDirPath = "";
			projectRoot = "";
			targets = (
				13D96C7A2D189FA0003238F6 /* SlopeStats */,
				13D96C8A2D189FA3003238F6 /* SlopeStatsTests */,
				13D96C942D189FA3003238F6 /* SlopeStatsUITests */,
				13D96CA02D189FA3003238F6 /* SlopeStats Watch App */,
				13D96CB22D189FA4003238F6 /* SlopeStats Watch AppTests */,
				13D96CBC2D189FA4003238F6 /* SlopeStats Watch AppUITests */,
			);
		};
/* End PBXProject section */

/* Begin PBXResourcesBuildPhase section */
		13D96C792D189FA0003238F6 /* Resources */ = {
			isa = PBXResourcesBuildPhase;
			buildActionMask = 2147483647;
			files = (
				139F36B72D1E35F500799618 /* slopeStatsBanner.png in Resources */,
				13D96C862D189FA2003238F6 /* Preview Assets.xcassets in Resources */,
				139F36BD2D1E5E2300799618 /* slopeStatsAppIcon.png in Resources */,
				13D96CDB2D18AE3C003238F6 /* .gitignore in Resources */,
				13D96C832D189FA2003238F6 /* Assets.xcassets in Resources */,
				139F36B52D1E1CD600799618 /* SlopeStats.png in Resources */,
			);
			runOnlyForDeploymentPostprocessing = 0;
		};
		13D96C892D189FA3003238F6 /* Resources */ = {
			isa = PBXResourcesBuildPhase;
			buildActionMask = 2147483647;
			files = (
			);
			runOnlyForDeploymentPostprocessing = 0;
		};
		13D96C932D189FA3003238F6 /* Resources */ = {
			isa = PBXResourcesBuildPhase;
			buildActionMask = 2147483647;
			files = (
			);
			runOnlyForDeploymentPostprocessing = 0;
		};
		13D96C9F2D189FA3003238F6 /* Resources */ = {
			isa = PBXResourcesBuildPhase;
			buildActionMask = 2147483647;
			files = (
				13D96CE12D192982003238F6 /* snowcat.usdz in Resources */,
				13D96CDD2D1925A1003238F6 /* cabin.usdz in Resources */,
				139F36BF2D1E5E3300799618 /* slopeStatsAppIcon.png in Resources */,
				13D96CE92D193731003238F6 /* earth.usdz in Resources */,
				13D96CE52D192FC3003238F6 /* skier.usdz in Resources */,
				13D96CE02D192982003238F6 /* olympicRings.usdz in Resources */,
				13D96CAE2D189FA3003238F6 /* Preview Assets.xcassets in Resources */,
				13D96CAB2D189FA3003238F6 /* Assets.xcassets in Resources */,
				13D96CE72D193152003238F6 /* snowyMountain.jpeg in Resources */,
				139F366C2D1A388700799618 /* weather.json in Resources */,
			);
			runOnlyForDeploymentPostprocessing = 0;
		};
		13D96CB12D189FA4003238F6 /* Resources */ = {
			isa = PBXResourcesBuildPhase;
			buildActionMask = 2147483647;
			files = (
			);
			runOnlyForDeploymentPostprocessing = 0;
		};
		13D96CBB2D189FA4003238F6 /* Resources */ = {
			isa = PBXResourcesBuildPhase;
			buildActionMask = 2147483647;
			files = (
			);
			runOnlyForDeploymentPostprocessing = 0;
		};
/* End PBXResourcesBuildPhase section */

/* Begin PBXSourcesBuildPhase section */
		13D96C772D189FA0003238F6 /* Sources */ = {
			isa = PBXSourcesBuildPhase;
			buildActionMask = 2147483647;
			files = (
				13D96C812D189FA0003238F6 /* ContentView.swift in Sources */,
				13D96C7F2D189FA0003238F6 /* SlopeStatsApp.swift in Sources */,
				139F36742D1B1BD500799618 /* SlopeStats.xcdatamodeld in Sources */,
				139F36BB2D1E57FA00799618 /* ChartStructs.swift in Sources */,
				139F367A2D1B23CF00799618 /* ArrayToDataTransformer.swift in Sources */,
				139F36C72D1F201000799618 /* ResortView.swift in Sources */,
				139F36C52D1F16C000799618 /* WeatherView.swift in Sources */,
				139F367C2D1B27C700799618 /* PersistenceController.swift in Sources */,
			);
			runOnlyForDeploymentPostprocessing = 0;
		};
		13D96C872D189FA3003238F6 /* Sources */ = {
			isa = PBXSourcesBuildPhase;
			buildActionMask = 2147483647;
			files = (
				13D96C902D189FA3003238F6 /* SlopeStatsTests.swift in Sources */,
			);
			runOnlyForDeploymentPostprocessing = 0;
		};
		13D96C912D189FA3003238F6 /* Sources */ = {
			isa = PBXSourcesBuildPhase;
			buildActionMask = 2147483647;
			files = (
				13D96C9C2D189FA3003238F6 /* SlopeStatsUITestsLaunchTests.swift in Sources */,
				13D96C9A2D189FA3003238F6 /* SlopeStatsUITests.swift in Sources */,
			);
			runOnlyForDeploymentPostprocessing = 0;
		};
		13D96C9D2D189FA3003238F6 /* Sources */ = {
			isa = PBXSourcesBuildPhase;
			buildActionMask = 2147483647;
			files = (
				13D96CED2D19D84F003238F6 /* StatsView.swift in Sources */,
				139F36822D1B348E00799618 /* InterfaceController.swift in Sources */,
				13D96CEB2D19D63D003238F6 /* CountdownView.swift in Sources */,
				13D96CA92D189FA3003238F6 /* ContentView.swift in Sources */,
				139F36682D1A231600799618 /* SpeedModeCountdownView.swift in Sources */,
				13D96CA72D189FA3003238F6 /* SlopeStatsApp.swift in Sources */,
				139F366A2D1A36A000799618 /* WeatherView.swift in Sources */,
				139F36662D1A22FD00799618 /* SpeedModeSetupView.swift in Sources */,
			);
			runOnlyForDeploymentPostprocessing = 0;
		};
		13D96CAF2D189FA4003238F6 /* Sources */ = {
			isa = PBXSourcesBuildPhase;
			buildActionMask = 2147483647;
			files = (
				13D96CB82D189FA4003238F6 /* SlopeStats_Watch_AppTests.swift in Sources */,
			);
			runOnlyForDeploymentPostprocessing = 0;
		};
		13D96CB92D189FA4003238F6 /* Sources */ = {
			isa = PBXSourcesBuildPhase;
			buildActionMask = 2147483647;
			files = (
				13D96CC42D189FA4003238F6 /* SlopeStats_Watch_AppUITestsLaunchTests.swift in Sources */,
				13D96CC22D189FA4003238F6 /* SlopeStats_Watch_AppUITests.swift in Sources */,
			);
			runOnlyForDeploymentPostprocessing = 0;
		};
/* End PBXSourcesBuildPhase section */

/* Begin PBXTargetDependency section */
		13D96C8D2D189FA3003238F6 /* PBXTargetDependency */ = {
			isa = PBXTargetDependency;
			target = 13D96C7A2D189FA0003238F6 /* SlopeStats */;
			targetProxy = 13D96C8C2D189FA3003238F6 /* PBXContainerItemProxy */;
		};
		13D96C972D189FA3003238F6 /* PBXTargetDependency */ = {
			isa = PBXTargetDependency;
			target = 13D96C7A2D189FA0003238F6 /* SlopeStats */;
			targetProxy = 13D96C962D189FA3003238F6 /* PBXContainerItemProxy */;
		};
		13D96CA42D189FA3003238F6 /* PBXTargetDependency */ = {
			isa = PBXTargetDependency;
			target = 13D96CA02D189FA3003238F6 /* SlopeStats Watch App */;
			targetProxy = 13D96CA32D189FA3003238F6 /* PBXContainerItemProxy */;
		};
		13D96CB52D189FA4003238F6 /* PBXTargetDependency */ = {
			isa = PBXTargetDependency;
			target = 13D96CA02D189FA3003238F6 /* SlopeStats Watch App */;
			targetProxy = 13D96CB42D189FA4003238F6 /* PBXContainerItemProxy */;
		};
		13D96CBF2D189FA4003238F6 /* PBXTargetDependency */ = {
			isa = PBXTargetDependency;
			target = 13D96CA02D189FA3003238F6 /* SlopeStats Watch App */;
			targetProxy = 13D96CBE2D189FA4003238F6 /* PBXContainerItemProxy */;
		};
/* End PBXTargetDependency section */

/* Begin XCBuildConfiguration section */
		13D96CC52D189FA4003238F6 /* Debug */ = {
			isa = XCBuildConfiguration;
			buildSettings = {
				ALWAYS_SEARCH_USER_PATHS = NO;
				ASSETCATALOG_COMPILER_GENERATE_SWIFT_ASSET_SYMBOL_EXTENSIONS = YES;
				CLANG_ANALYZER_NONNULL = YES;
				CLANG_ANALYZER_NUMBER_OBJECT_CONVERSION = YES_AGGRESSIVE;
				CLANG_CXX_LANGUAGE_STANDARD = "gnu++20";
				CLANG_ENABLE_MODULES = YES;
				CLANG_ENABLE_OBJC_ARC = YES;
				CLANG_ENABLE_OBJC_WEAK = YES;
				CLANG_WARN_BLOCK_CAPTURE_AUTORELEASING = YES;
				CLANG_WARN_BOOL_CONVERSION = YES;
				CLANG_WARN_COMMA = YES;
				CLANG_WARN_CONSTANT_CONVERSION = YES;
				CLANG_WARN_DEPRECATED_OBJC_IMPLEMENTATIONS = YES;
				CLANG_WARN_DIRECT_OBJC_ISA_USAGE = YES_ERROR;
				CLANG_WARN_DOCUMENTATION_COMMENTS = YES;
				CLANG_WARN_EMPTY_BODY = YES;
				CLANG_WARN_ENUM_CONVERSION = YES;
				CLANG_WARN_INFINITE_RECURSION = YES;
				CLANG_WARN_INT_CONVERSION = YES;
				CLANG_WARN_NON_LITERAL_NULL_CONVERSION = YES;
				CLANG_WARN_OBJC_IMPLICIT_RETAIN_SELF = YES;
				CLANG_WARN_OBJC_LITERAL_CONVERSION = YES;
				CLANG_WARN_OBJC_ROOT_CLASS = YES_ERROR;
				CLANG_WARN_QUOTED_INCLUDE_IN_FRAMEWORK_HEADER = YES;
				CLANG_WARN_RANGE_LOOP_ANALYSIS = YES;
				CLANG_WARN_STRICT_PROTOTYPES = YES;
				CLANG_WARN_SUSPICIOUS_MOVE = YES;
				CLANG_WARN_UNGUARDED_AVAILABILITY = YES_AGGRESSIVE;
				CLANG_WARN_UNREACHABLE_CODE = YES;
				CLANG_WARN__DUPLICATE_METHOD_MATCH = YES;
				COPY_PHASE_STRIP = NO;
				DEAD_CODE_STRIPPING = YES;
				DEBUG_INFORMATION_FORMAT = dwarf;
				ENABLE_STRICT_OBJC_MSGSEND = YES;
				ENABLE_TESTABILITY = YES;
				ENABLE_USER_SCRIPT_SANDBOXING = YES;
				GCC_C_LANGUAGE_STANDARD = gnu17;
				GCC_DYNAMIC_NO_PIC = NO;
				GCC_NO_COMMON_BLOCKS = YES;
				GCC_OPTIMIZATION_LEVEL = 0;
				GCC_PREPROCESSOR_DEFINITIONS = (
					"DEBUG=1",
					"$(inherited)",
				);
				GCC_WARN_64_TO_32_BIT_CONVERSION = YES;
				GCC_WARN_ABOUT_RETURN_TYPE = YES_ERROR;
				GCC_WARN_UNDECLARED_SELECTOR = YES;
				GCC_WARN_UNINITIALIZED_AUTOS = YES_AGGRESSIVE;
				GCC_WARN_UNUSED_FUNCTION = YES;
				GCC_WARN_UNUSED_VARIABLE = YES;
				LOCALIZATION_PREFERS_STRING_CATALOGS = YES;
				MTL_ENABLE_DEBUG_INFO = INCLUDE_SOURCE;
				MTL_FAST_MATH = YES;
				ONLY_ACTIVE_ARCH = YES;
				SWIFT_ACTIVE_COMPILATION_CONDITIONS = "DEBUG $(inherited)";
				SWIFT_OPTIMIZATION_LEVEL = "-Onone";
			};
			name = Debug;
		};
		13D96CC62D189FA4003238F6 /* Release */ = {
			isa = XCBuildConfiguration;
			buildSettings = {
				ALWAYS_SEARCH_USER_PATHS = NO;
				ASSETCATALOG_COMPILER_GENERATE_SWIFT_ASSET_SYMBOL_EXTENSIONS = YES;
				CLANG_ANALYZER_NONNULL = YES;
				CLANG_ANALYZER_NUMBER_OBJECT_CONVERSION = YES_AGGRESSIVE;
				CLANG_CXX_LANGUAGE_STANDARD = "gnu++20";
				CLANG_ENABLE_MODULES = YES;
				CLANG_ENABLE_OBJC_ARC = YES;
				CLANG_ENABLE_OBJC_WEAK = YES;
				CLANG_WARN_BLOCK_CAPTURE_AUTORELEASING = YES;
				CLANG_WARN_BOOL_CONVERSION = YES;
				CLANG_WARN_COMMA = YES;
				CLANG_WARN_CONSTANT_CONVERSION = YES;
				CLANG_WARN_DEPRECATED_OBJC_IMPLEMENTATIONS = YES;
				CLANG_WARN_DIRECT_OBJC_ISA_USAGE = YES_ERROR;
				CLANG_WARN_DOCUMENTATION_COMMENTS = YES;
				CLANG_WARN_EMPTY_BODY = YES;
				CLANG_WARN_ENUM_CONVERSION = YES;
				CLANG_WARN_INFINITE_RECURSION = YES;
				CLANG_WARN_INT_CONVERSION = YES;
				CLANG_WARN_NON_LITERAL_NULL_CONVERSION = YES;
				CLANG_WARN_OBJC_IMPLICIT_RETAIN_SELF = YES;
				CLANG_WARN_OBJC_LITERAL_CONVERSION = YES;
				CLANG_WARN_OBJC_ROOT_CLASS = YES_ERROR;
				CLANG_WARN_QUOTED_INCLUDE_IN_FRAMEWORK_HEADER = YES;
				CLANG_WARN_RANGE_LOOP_ANALYSIS = YES;
				CLANG_WARN_STRICT_PROTOTYPES = YES;
				CLANG_WARN_SUSPICIOUS_MOVE = YES;
				CLANG_WARN_UNGUARDED_AVAILABILITY = YES_AGGRESSIVE;
				CLANG_WARN_UNREACHABLE_CODE = YES;
				CLANG_WARN__DUPLICATE_METHOD_MATCH = YES;
				COPY_PHASE_STRIP = NO;
				DEAD_CODE_STRIPPING = YES;
				DEBUG_INFORMATION_FORMAT = "dwarf-with-dsym";
				ENABLE_NS_ASSERTIONS = NO;
				ENABLE_STRICT_OBJC_MSGSEND = YES;
				ENABLE_USER_SCRIPT_SANDBOXING = YES;
				GCC_C_LANGUAGE_STANDARD = gnu17;
				GCC_NO_COMMON_BLOCKS = YES;
				GCC_WARN_64_TO_32_BIT_CONVERSION = YES;
				GCC_WARN_ABOUT_RETURN_TYPE = YES_ERROR;
				GCC_WARN_UNDECLARED_SELECTOR = YES;
				GCC_WARN_UNINITIALIZED_AUTOS = YES_AGGRESSIVE;
				GCC_WARN_UNUSED_FUNCTION = YES;
				GCC_WARN_UNUSED_VARIABLE = YES;
				LOCALIZATION_PREFERS_STRING_CATALOGS = YES;
				MTL_ENABLE_DEBUG_INFO = NO;
				MTL_FAST_MATH = YES;
				SWIFT_COMPILATION_MODE = wholemodule;
			};
			name = Release;
		};
		13D96CC82D189FA4003238F6 /* Debug */ = {
			isa = XCBuildConfiguration;
			buildSettings = {
				ASSETCATALOG_COMPILER_APPICON_NAME = AppIcon;
				ASSETCATALOG_COMPILER_GLOBAL_ACCENT_COLOR_NAME = AccentColor;
				ASSETCATALOG_COMPILER_INCLUDE_ALL_APPICON_ASSETS = NO;
				CODE_SIGN_ENTITLEMENTS = "SlopeStats Watch App/SlopeStats Watch App.entitlements";
				CODE_SIGN_STYLE = Automatic;
				CURRENT_PROJECT_VERSION = 1;
				DEVELOPMENT_ASSET_PATHS = "\"SlopeStats Watch App/Preview Content\"";
				DEVELOPMENT_TEAM = SK32F3S38V;
				ENABLE_PREVIEWS = YES;
				GENERATE_INFOPLIST_FILE = YES;
				INFOPLIST_KEY_CFBundleDisplayName = SlopeStats;
				INFOPLIST_KEY_UISupportedInterfaceOrientations = "UIInterfaceOrientationPortrait UIInterfaceOrientationPortraitUpsideDown";
				INFOPLIST_KEY_WKCompanionAppBundleIdentifier = nick.SlopeStats;
				INFOPLIST_KEY_WKRunsIndependentlyOfCompanionApp = NO;
				LD_RUNPATH_SEARCH_PATHS = (
					"$(inherited)",
					"@executable_path/Frameworks",
				);
				MARKETING_VERSION = 1.0;
				PRODUCT_BUNDLE_IDENTIFIER = nick.SlopeStats.watchkitapp;
				PRODUCT_NAME = "$(TARGET_NAME)";
				SDKROOT = watchos;
				SKIP_INSTALL = YES;
				SWIFT_EMIT_LOC_STRINGS = YES;
				SWIFT_VERSION = 5.0;
				TARGETED_DEVICE_FAMILY = 4;
				WATCHOS_DEPLOYMENT_TARGET = 8.7;
			};
			name = Debug;
		};
		13D96CC92D189FA4003238F6 /* Release */ = {
			isa = XCBuildConfiguration;
			buildSettings = {
				ASSETCATALOG_COMPILER_APPICON_NAME = AppIcon;
				ASSETCATALOG_COMPILER_GLOBAL_ACCENT_COLOR_NAME = AccentColor;
				ASSETCATALOG_COMPILER_INCLUDE_ALL_APPICON_ASSETS = NO;
				CODE_SIGN_ENTITLEMENTS = "SlopeStats Watch App/SlopeStats Watch App.entitlements";
				CODE_SIGN_STYLE = Automatic;
				CURRENT_PROJECT_VERSION = 1;
				DEVELOPMENT_ASSET_PATHS = "\"SlopeStats Watch App/Preview Content\"";
				DEVELOPMENT_TEAM = SK32F3S38V;
				ENABLE_PREVIEWS = YES;
				GENERATE_INFOPLIST_FILE = YES;
				INFOPLIST_KEY_CFBundleDisplayName = SlopeStats;
				INFOPLIST_KEY_UISupportedInterfaceOrientations = "UIInterfaceOrientationPortrait UIInterfaceOrientationPortraitUpsideDown";
				INFOPLIST_KEY_WKCompanionAppBundleIdentifier = nick.SlopeStats;
				INFOPLIST_KEY_WKRunsIndependentlyOfCompanionApp = NO;
				LD_RUNPATH_SEARCH_PATHS = (
					"$(inherited)",
					"@executable_path/Frameworks",
				);
				MARKETING_VERSION = 1.0;
				PRODUCT_BUNDLE_IDENTIFIER = nick.SlopeStats.watchkitapp;
				PRODUCT_NAME = "$(TARGET_NAME)";
				SDKROOT = watchos;
				SKIP_INSTALL = YES;
				SWIFT_EMIT_LOC_STRINGS = YES;
				SWIFT_VERSION = 5.0;
				TARGETED_DEVICE_FAMILY = 4;
				VALIDATE_PRODUCT = YES;
				WATCHOS_DEPLOYMENT_TARGET = 8.7;
			};
			name = Release;
		};
		13D96CCC2D189FA4003238F6 /* Debug */ = {
			isa = XCBuildConfiguration;
			buildSettings = {
				ASSETCATALOG_COMPILER_APPICON_NAME = AppIcon;
				ASSETCATALOG_COMPILER_GLOBAL_ACCENT_COLOR_NAME = AccentColor;
				CODE_SIGN_STYLE = Automatic;
				CURRENT_PROJECT_VERSION = 1;
				DEVELOPMENT_ASSET_PATHS = "\"SlopeStats/Preview Content\"";
				DEVELOPMENT_TEAM = SK32F3S38V;
				ENABLE_PREVIEWS = YES;
				GENERATE_INFOPLIST_FILE = YES;
				INFOPLIST_KEY_CFBundleDisplayName = SlopeStats;
				INFOPLIST_KEY_NSLocationWhenInUseUsageDescription = "This app requires your location to display local weather information";
				INFOPLIST_KEY_UIApplicationSceneManifest_Generation = YES;
				INFOPLIST_KEY_UIApplicationSupportsIndirectInputEvents = YES;
				INFOPLIST_KEY_UILaunchScreen_Generation = YES;
				INFOPLIST_KEY_UISupportedInterfaceOrientations_iPad = "UIInterfaceOrientationPortrait UIInterfaceOrientationPortraitUpsideDown UIInterfaceOrientationLandscapeLeft UIInterfaceOrientationLandscapeRight";
				INFOPLIST_KEY_UISupportedInterfaceOrientations_iPhone = "UIInterfaceOrientationPortrait UIInterfaceOrientationLandscapeLeft UIInterfaceOrientationLandscapeRight";
				IPHONEOS_DEPLOYMENT_TARGET = 17.2;
				LD_RUNPATH_SEARCH_PATHS = (
					"$(inherited)",
					"@executable_path/Frameworks",
				);
				MARKETING_VERSION = 1.0;
				PRODUCT_BUNDLE_IDENTIFIER = nick.SlopeStats;
				PRODUCT_NAME = "$(TARGET_NAME)";
				SDKROOT = iphoneos;
				SWIFT_EMIT_LOC_STRINGS = YES;
				SWIFT_VERSION = 5.0;
				TARGETED_DEVICE_FAMILY = "1,2";
			};
			name = Debug;
		};
		13D96CCD2D189FA4003238F6 /* Release */ = {
			isa = XCBuildConfiguration;
			buildSettings = {
				ASSETCATALOG_COMPILER_APPICON_NAME = AppIcon;
				ASSETCATALOG_COMPILER_GLOBAL_ACCENT_COLOR_NAME = AccentColor;
				CODE_SIGN_STYLE = Automatic;
				CURRENT_PROJECT_VERSION = 1;
				DEVELOPMENT_ASSET_PATHS = "\"SlopeStats/Preview Content\"";
				DEVELOPMENT_TEAM = SK32F3S38V;
				ENABLE_PREVIEWS = YES;
				GENERATE_INFOPLIST_FILE = YES;
				INFOPLIST_KEY_CFBundleDisplayName = SlopeStats;
				INFOPLIST_KEY_NSLocationWhenInUseUsageDescription = "This app requires your location to display local weather information";
				INFOPLIST_KEY_UIApplicationSceneManifest_Generation = YES;
				INFOPLIST_KEY_UIApplicationSupportsIndirectInputEvents = YES;
				INFOPLIST_KEY_UILaunchScreen_Generation = YES;
				INFOPLIST_KEY_UISupportedInterfaceOrientations_iPad = "UIInterfaceOrientationPortrait UIInterfaceOrientationPortraitUpsideDown UIInterfaceOrientationLandscapeLeft UIInterfaceOrientationLandscapeRight";
				INFOPLIST_KEY_UISupportedInterfaceOrientations_iPhone = "UIInterfaceOrientationPortrait UIInterfaceOrientationLandscapeLeft UIInterfaceOrientationLandscapeRight";
				IPHONEOS_DEPLOYMENT_TARGET = 17.2;
				LD_RUNPATH_SEARCH_PATHS = (
					"$(inherited)",
					"@executable_path/Frameworks",
				);
				MARKETING_VERSION = 1.0;
				PRODUCT_BUNDLE_IDENTIFIER = nick.SlopeStats;
				PRODUCT_NAME = "$(TARGET_NAME)";
				SDKROOT = iphoneos;
				SWIFT_EMIT_LOC_STRINGS = YES;
				SWIFT_VERSION = 5.0;
				TARGETED_DEVICE_FAMILY = "1,2";
				VALIDATE_PRODUCT = YES;
			};
			name = Release;
		};
		13D96CCF2D189FA4003238F6 /* Debug */ = {
			isa = XCBuildConfiguration;
			buildSettings = {
				BUNDLE_LOADER = "$(TEST_HOST)";
				CODE_SIGN_STYLE = Automatic;
				CURRENT_PROJECT_VERSION = 1;
				DEVELOPMENT_TEAM = SK32F3S38V;
				GENERATE_INFOPLIST_FILE = YES;
				IPHONEOS_DEPLOYMENT_TARGET = 17.2;
				MARKETING_VERSION = 1.0;
				PRODUCT_BUNDLE_IDENTIFIER = nick.SlopeStatsTests;
				PRODUCT_NAME = "$(TARGET_NAME)";
				SDKROOT = iphoneos;
				SWIFT_EMIT_LOC_STRINGS = NO;
				SWIFT_VERSION = 5.0;
				TARGETED_DEVICE_FAMILY = "1,2";
				TEST_HOST = "$(BUILT_PRODUCTS_DIR)/SlopeStats.app/$(BUNDLE_EXECUTABLE_FOLDER_PATH)/SlopeStats";
			};
			name = Debug;
		};
		13D96CD02D189FA4003238F6 /* Release */ = {
			isa = XCBuildConfiguration;
			buildSettings = {
				BUNDLE_LOADER = "$(TEST_HOST)";
				CODE_SIGN_STYLE = Automatic;
				CURRENT_PROJECT_VERSION = 1;
				DEVELOPMENT_TEAM = SK32F3S38V;
				GENERATE_INFOPLIST_FILE = YES;
				IPHONEOS_DEPLOYMENT_TARGET = 17.2;
				MARKETING_VERSION = 1.0;
				PRODUCT_BUNDLE_IDENTIFIER = nick.SlopeStatsTests;
				PRODUCT_NAME = "$(TARGET_NAME)";
				SDKROOT = iphoneos;
				SWIFT_EMIT_LOC_STRINGS = NO;
				SWIFT_VERSION = 5.0;
				TARGETED_DEVICE_FAMILY = "1,2";
				TEST_HOST = "$(BUILT_PRODUCTS_DIR)/SlopeStats.app/$(BUNDLE_EXECUTABLE_FOLDER_PATH)/SlopeStats";
				VALIDATE_PRODUCT = YES;
			};
			name = Release;
		};
		13D96CD22D189FA4003238F6 /* Debug */ = {
			isa = XCBuildConfiguration;
			buildSettings = {
				CODE_SIGN_STYLE = Automatic;
				CURRENT_PROJECT_VERSION = 1;
				DEVELOPMENT_TEAM = SK32F3S38V;
				GENERATE_INFOPLIST_FILE = YES;
				IPHONEOS_DEPLOYMENT_TARGET = 17.2;
				MARKETING_VERSION = 1.0;
				PRODUCT_BUNDLE_IDENTIFIER = nick.SlopeStatsUITests;
				PRODUCT_NAME = "$(TARGET_NAME)";
				SDKROOT = iphoneos;
				SWIFT_EMIT_LOC_STRINGS = NO;
				SWIFT_VERSION = 5.0;
				TARGETED_DEVICE_FAMILY = "1,2";
				TEST_TARGET_NAME = SlopeStats;
			};
			name = Debug;
		};
		13D96CD32D189FA4003238F6 /* Release */ = {
			isa = XCBuildConfiguration;
			buildSettings = {
				CODE_SIGN_STYLE = Automatic;
				CURRENT_PROJECT_VERSION = 1;
				DEVELOPMENT_TEAM = SK32F3S38V;
				GENERATE_INFOPLIST_FILE = YES;
				IPHONEOS_DEPLOYMENT_TARGET = 17.2;
				MARKETING_VERSION = 1.0;
				PRODUCT_BUNDLE_IDENTIFIER = nick.SlopeStatsUITests;
				PRODUCT_NAME = "$(TARGET_NAME)";
				SDKROOT = iphoneos;
				SWIFT_EMIT_LOC_STRINGS = NO;
				SWIFT_VERSION = 5.0;
				TARGETED_DEVICE_FAMILY = "1,2";
				TEST_TARGET_NAME = SlopeStats;
				VALIDATE_PRODUCT = YES;
			};
			name = Release;
		};
		13D96CD52D189FA4003238F6 /* Debug */ = {
			isa = XCBuildConfiguration;
			buildSettings = {
				BUNDLE_LOADER = "$(TEST_HOST)";
				CODE_SIGN_STYLE = Automatic;
				CURRENT_PROJECT_VERSION = 1;
				DEVELOPMENT_TEAM = SK32F3S38V;
				GENERATE_INFOPLIST_FILE = YES;
				MARKETING_VERSION = 1.0;
				PRODUCT_BUNDLE_IDENTIFIER = "nick.SlopeStats-Watch-AppTests";
				PRODUCT_NAME = "$(TARGET_NAME)";
				SDKROOT = watchos;
				SWIFT_EMIT_LOC_STRINGS = NO;
				SWIFT_VERSION = 5.0;
				TARGETED_DEVICE_FAMILY = 4;
				TEST_HOST = "$(BUILT_PRODUCTS_DIR)/SlopeStats Watch App.app/$(BUNDLE_EXECUTABLE_FOLDER_PATH)/SlopeStats Watch App";
				WATCHOS_DEPLOYMENT_TARGET = 8.7;
			};
			name = Debug;
		};
		13D96CD62D189FA4003238F6 /* Release */ = {
			isa = XCBuildConfiguration;
			buildSettings = {
				BUNDLE_LOADER = "$(TEST_HOST)";
				CODE_SIGN_STYLE = Automatic;
				CURRENT_PROJECT_VERSION = 1;
				DEVELOPMENT_TEAM = SK32F3S38V;
				GENERATE_INFOPLIST_FILE = YES;
				MARKETING_VERSION = 1.0;
				PRODUCT_BUNDLE_IDENTIFIER = "nick.SlopeStats-Watch-AppTests";
				PRODUCT_NAME = "$(TARGET_NAME)";
				SDKROOT = watchos;
				SWIFT_EMIT_LOC_STRINGS = NO;
				SWIFT_VERSION = 5.0;
				TARGETED_DEVICE_FAMILY = 4;
				TEST_HOST = "$(BUILT_PRODUCTS_DIR)/SlopeStats Watch App.app/$(BUNDLE_EXECUTABLE_FOLDER_PATH)/SlopeStats Watch App";
				VALIDATE_PRODUCT = YES;
				WATCHOS_DEPLOYMENT_TARGET = 8.7;
			};
			name = Release;
		};
		13D96CD82D189FA4003238F6 /* Debug */ = {
			isa = XCBuildConfiguration;
			buildSettings = {
				CODE_SIGN_STYLE = Automatic;
				CURRENT_PROJECT_VERSION = 1;
				DEVELOPMENT_TEAM = SK32F3S38V;
				GENERATE_INFOPLIST_FILE = YES;
				MARKETING_VERSION = 1.0;
				PRODUCT_BUNDLE_IDENTIFIER = "nick.SlopeStats-Watch-AppUITests";
				PRODUCT_NAME = "$(TARGET_NAME)";
				SDKROOT = watchos;
				SWIFT_EMIT_LOC_STRINGS = NO;
				SWIFT_VERSION = 5.0;
				TARGETED_DEVICE_FAMILY = 4;
				TEST_TARGET_NAME = "SlopeStats Watch App";
				WATCHOS_DEPLOYMENT_TARGET = 8.7;
			};
			name = Debug;
		};
		13D96CD92D189FA4003238F6 /* Release */ = {
			isa = XCBuildConfiguration;
			buildSettings = {
				CODE_SIGN_STYLE = Automatic;
				CURRENT_PROJECT_VERSION = 1;
				DEVELOPMENT_TEAM = SK32F3S38V;
				GENERATE_INFOPLIST_FILE = YES;
				MARKETING_VERSION = 1.0;
				PRODUCT_BUNDLE_IDENTIFIER = "nick.SlopeStats-Watch-AppUITests";
				PRODUCT_NAME = "$(TARGET_NAME)";
				SDKROOT = watchos;
				SWIFT_EMIT_LOC_STRINGS = NO;
				SWIFT_VERSION = 5.0;
				TARGETED_DEVICE_FAMILY = 4;
				TEST_TARGET_NAME = "SlopeStats Watch App";
				VALIDATE_PRODUCT = YES;
				WATCHOS_DEPLOYMENT_TARGET = 8.7;
			};
			name = Release;
		};
/* End XCBuildConfiguration section */

/* Begin XCConfigurationList section */
		13D96C762D189FA0003238F6 /* Build configuration list for PBXProject "SlopeStats" */ = {
			isa = XCConfigurationList;
			buildConfigurations = (
				13D96CC52D189FA4003238F6 /* Debug */,
				13D96CC62D189FA4003238F6 /* Release */,
			);
			defaultConfigurationIsVisible = 0;
			defaultConfigurationName = Release;
		};
		13D96CC72D189FA4003238F6 /* Build configuration list for PBXNativeTarget "SlopeStats Watch App" */ = {
			isa = XCConfigurationList;
			buildConfigurations = (
				13D96CC82D189FA4003238F6 /* Debug */,
				13D96CC92D189FA4003238F6 /* Release */,
			);
			defaultConfigurationIsVisible = 0;
			defaultConfigurationName = Release;
		};
		13D96CCB2D189FA4003238F6 /* Build configuration list for PBXNativeTarget "SlopeStats" */ = {
			isa = XCConfigurationList;
			buildConfigurations = (
				13D96CCC2D189FA4003238F6 /* Debug */,
				13D96CCD2D189FA4003238F6 /* Release */,
			);
			defaultConfigurationIsVisible = 0;
			defaultConfigurationName = Release;
		};
		13D96CCE2D189FA4003238F6 /* Build configuration list for PBXNativeTarget "SlopeStatsTests" */ = {
			isa = XCConfigurationList;
			buildConfigurations = (
				13D96CCF2D189FA4003238F6 /* Debug */,
				13D96CD02D189FA4003238F6 /* Release */,
			);
			defaultConfigurationIsVisible = 0;
			defaultConfigurationName = Release;
		};
		13D96CD12D189FA4003238F6 /* Build configuration list for PBXNativeTarget "SlopeStatsUITests" */ = {
			isa = XCConfigurationList;
			buildConfigurations = (
				13D96CD22D189FA4003238F6 /* Debug */,
				13D96CD32D189FA4003238F6 /* Release */,
			);
			defaultConfigurationIsVisible = 0;
			defaultConfigurationName = Release;
		};
		13D96CD42D189FA4003238F6 /* Build configuration list for PBXNativeTarget "SlopeStats Watch AppTests" */ = {
			isa = XCConfigurationList;
			buildConfigurations = (
				13D96CD52D189FA4003238F6 /* Debug */,
				13D96CD62D189FA4003238F6 /* Release */,
			);
			defaultConfigurationIsVisible = 0;
			defaultConfigurationName = Release;
		};
		13D96CD72D189FA4003238F6 /* Build configuration list for PBXNativeTarget "SlopeStats Watch AppUITests" */ = {
			isa = XCConfigurationList;
			buildConfigurations = (
				13D96CD82D189FA4003238F6 /* Debug */,
				13D96CD92D189FA4003238F6 /* Release */,
			);
			defaultConfigurationIsVisible = 0;
			defaultConfigurationName = Release;
		};
/* End XCConfigurationList section */

/* Begin XCVersionGroup section */
		139F36722D1B1BD500799618 /* SlopeStats.xcdatamodeld */ = {
			isa = XCVersionGroup;
			children = (
				139F36732D1B1BD500799618 /* SlopeStats.xcdatamodel */,
			);
			currentVersion = 139F36732D1B1BD500799618 /* SlopeStats.xcdatamodel */;
			path = SlopeStats.xcdatamodeld;
			sourceTree = "<group>";
			versionGroupType = wrapper.xcdatamodel;
		};
/* End XCVersionGroup section */
	};
	rootObject = 13D96C732D189FA0003238F6 /* Project object */;
}
